<?xml version="1.0" encoding="utf-8"?>
<Project ToolsVersion="17.0" xmlns="http://schemas.microsoft.com/developer/msbuild/2003">
  <ItemGroup>
    <ClCompile Include="C:\Users\Natalie\Dropbox\palworld2\RE-UE4SS\PalWorldCrowdControl\dllmain.cpp">
      <Filter>Source Files</Filter>
    </ClCompile>
    <ClCompile Include="Connector.cpp">
      <Filter>Source Files</Filter>
    </ClCompile>
  </ItemGroup>
  <ItemGroup>
    <CustomBuild Include="C:\Users\Natalie\Dropbox\palworld2\RE-UE4SS\PalWorldCrowdControl\CMakeLists.txt" />
  </ItemGroup>
  <ItemGroup>
    <Filter Include="Source Files">
      <UniqueIdentifier>{32E3EC0E-AC03-31F2-8C13-DD9F77FA2C80}</UniqueIdentifier>
    </Filter>
  </ItemGroup>
  <ItemGroup>
    <ClInclude Include="Connector.h">
      <Filter>Source Files</Filter>
    </ClInclude>
  </ItemGroup>
</Project>